{
  "originHash" : "df7106c8dac31d57eb6fdd44dafdd03f0813f6eab776dfa8c5b88c1e47cb0511",
  "pins" : [
    {
      "identity" : "quartzfilters",
      "kind" : "remoteSourceControl",
      "location" : "https://github.com/ktiays/QuartzFilters.git",
      "state" : {
        "revision" : "332a7a4ab507cf41a3131ce1f56f43c192d1ab59",
        "version" : "1.1.0"
      }
    },
    {
      "identity" : "swift-syntax",
      "kind" : "remoteSourceControl",
      "location" : "https://github.com/swiftlang/swift-syntax.git",
      "state" : {
        "revision" : "4799286537280063c85a32f09884cfbca301b1a1",
        "version" : "602.0.0"
      }
    },
    {
      "identity" : "swiftyruntime",
      "kind" : "remoteSourceControl",
      "location" : "https://github.com/Helixform/SwiftyRuntime.git",
      "state" : {
        "revision" : "7a66b68f11111b4647fbe32efb3bb802f6bdc527",
        "version" : "1.0.0"
      }
    },
    {
      "identity" : "with",
      "kind" : "remoteSourceControl",
      "location" : "https://github.com/ktiays/with.git",
      "state" : {
        "revision" : "3d00874eb59b36e9f06fe89ca30efe761e211f2e",
        "version" : "2.1.4"
      }
    }
  ],
  "version" : 3
}
